
Microsoft Visual Studio Solution File, Format Version 12.00
# Visual Studio Version 17
VisualStudioVersion = 17.11.35219.272
MinimumVisualStudioVersion = 10.0.40219.1
Project("{FAE04EC0-301F-11D3-BF4B-00C04F79EFBC}") = "Milagro", "Milagro\Milagro.csproj", "{314994AF-CD87-4262-8E4D-EE213A9C639E}"
EndProject
Global
	GlobalSection(SolutionConfigurationPlatforms) = preSolution
		Debug|Any CPU = Debug|Any CPU
		Release|Any CPU = Release|Any CPU
	EndGlobalSection
	GlobalSection(ProjectConfigurationPlatforms) = postSolution
		{314994AF-CD87-4262-8E4D-EE213A9C639E}.Debug|Any CPU.ActiveCfg = Debug|Any CPU
		{314994AF-CD87-4262-8E4D-EE213A9C639E}.Debug|Any CPU.Build.0 = Debug|Any CPU
		{314994AF-CD87-4262-8E4D-EE213A9C639E}.Release|Any CPU.ActiveCfg = Release|Any CPU
		{314994AF-CD87-4262-8E4D-EE213A9C639E}.Release|Any CPU.Build.0 = Release|Any CPU
	EndGlobalSection
	GlobalSection(SolutionProperties) = preSolution
		HideSolutionNode = FALSE
	EndGlobalSection
	GlobalSection(ExtensibilityGlobals) = postSolution
		SolutionGuid = {27188F6A-5577-42D5-A3C5-5B7364CD2A06}
	EndGlobalSection
EndGlobal
